PODS:
  - Alamofire (4.0.0)
  - CWStatusBarNotification (2.3.4)
  - Eureka (1.7.0)
  - KeychainSwift (6.0.2)
  - NSDate+TimeAgo (1.0.6)
  - UIColor-Hex-Swift (0.2.0)
  - UICountingLabel (1.4.0)
  - UINavigationBar+Addition (1.3.0)

DEPENDENCIES:
  - Alamofire (~> 4.0)
  - CWStatusBarNotification (~> 2.3.4)
  - Eureka (from `https://github.com/xmartlabs/Eureka.git`, branch `Swift3`)
  - KeychainSwift (~> 6.0)
  - NSDate+TimeAgo
  - UIColor-Hex-Swift
  - UICountingLabel
  - UINavigationBar+Addition

EXTERNAL SOURCES:
  Eureka:
    :branch: Swift3
    :git: https://github.com/xmartlabs/Eureka.git

CHECKOUT OPTIONS:
  Eureka:
    :commit: 7aa2d1828cbeb141b07b3a83aac65326917aefff
    :git: https://github.com/xmartlabs/Eureka.git

SPEC CHECKSUMS:
  Alamofire: fef59f00388f267e52d9b432aa5d93dc97190f14
  CWStatusBarNotification: 3fec41edcb0ae3677d9febfcb9632d8bdf52294c
  Eureka: 2020d9faeef7b7e9adeb9e3d8af779e5931c1897
  KeychainSwift: a261364334000afa8fab0894390d5d00dd226d4c
  NSDate+TimeAgo: 35601c619b2d59290055e4fe76e61d97677a2360
  UIColor-Hex-Swift: a35096d0d3f8630bd647e4df851e1d2a165d5117
  UICountingLabel: ed5ce5b6d5ef278ff40d99cfa49577a30ab0c87b
  UINavigationBar+Addition: 433c16a992cfb73c3141b1f7fcaa93169c15cfa0

PODFILE CHECKSUM: 250844cbf5a7eb8f256c243af5dec4607af76013

COCOAPODS: 1.0.0
